
Microsoft Visual Studio Solution File, Format Version 12.00
# Visual Studio 2015
Project("{FAE04EC0-301F-11D3-BF4B-00C04F79EFBC}") = "FishProject.CSharp", "FishProject.CSharp.csproj", "{672E9900-FDEB-C31D-6B48-4025B3912621}"
EndProject
Global
	GlobalSection(SolutionConfigurationPlatforms) = preSolution
		Debug|Any CPU = Debug|Any CPU
		Release|Any CPU = Release|Any CPU
	EndGlobalSection
	GlobalSection(ProjectConfigurationPlatforms) = postSolution
		{672E9900-FDEB-C31D-6B48-4025B3912621}.Debug|Any CPU.ActiveCfg = Debug|Any CPU
		{672E9900-FDEB-C31D-6B48-4025B3912621}.Debug|Any CPU.Build.0 = Debug|Any CPU
		{672E9900-FDEB-C31D-6B48-4025B3912621}.Release|Any CPU.ActiveCfg = Release|Any CPU
		{672E9900-FDEB-C31D-6B48-4025B3912621}.Release|Any CPU.Build.0 = Release|Any CPU
	EndGlobalSection
	GlobalSection(SolutionProperties) = preSolution
		HideSolutionNode = FALSE
	EndGlobalSection
EndGlobal
